
Microsoft Visual Studio Solution File, Format Version 12.00
Project("{FAE04EC0-301F-11D3-BF4B-00C04F79EFBC}") = "ComputerHardwareStore", "ComputerHardwareStore\ComputerHardwareStore.csproj", "{2E85CAEC-BD8E-41E1-852B-6AF52C0C4F5C}"
EndProject
Project("{FAE04EC0-301F-11D3-BF4B-00C04F79EFBC}") = "ComputerHardwareStore.Domain", "ComputerHardwareStore.Domain\ComputerHardwareStore.Domain.csproj", "{A52ED17B-0CF6-4B06-8E8D-18E27253B97A}"
EndProject
Project("{FAE04EC0-301F-11D3-BF4B-00C04F79EFBC}") = "ComputerHardwareStore.DB", "ComputerHardwareStore.DB\ComputerHardwareStore.DB.csproj", "{EEF78ACF-C5F0-4024-A0B7-9CC445572923}"
EndProject
Project("{FAE04EC0-301F-11D3-BF4B-00C04F79EFBC}") = "ComputerHardwareStore.BusinessLogic", "ComputerHardwareStore.BusinessLogic\ComputerHardwareStore.BusinessLogic.csproj", "{6579A1DA-D50D-4809-B828-5F4930F37EE3}"
EndProject
Project("{FAE04EC0-301F-11D3-BF4B-00C04F79EFBC}") = "ComputerHardwareStore.Dto", "ComputerHardwareStore.Dto\ComputerHardwareStore.Dto.csproj", "{7994B6D2-FB14-4926-A5A7-8EB3FBDD9A3F}"
EndProject
Project("{FAE04EC0-301F-11D3-BF4B-00C04F79EFBC}") = "ComputerHardwareStore.Profiles", "ComputerHardwareStore.Profiles\ComputerHardwareStore.Profiles.csproj", "{9FF99D5A-8B31-4889-913D-3093BD86D001}"
EndProject
Global
	GlobalSection(SolutionConfigurationPlatforms) = preSolution
		Debug|Any CPU = Debug|Any CPU
		Release|Any CPU = Release|Any CPU
	EndGlobalSection
	GlobalSection(ProjectConfigurationPlatforms) = postSolution
		{2E85CAEC-BD8E-41E1-852B-6AF52C0C4F5C}.Debug|Any CPU.ActiveCfg = Debug|Any CPU
		{2E85CAEC-BD8E-41E1-852B-6AF52C0C4F5C}.Debug|Any CPU.Build.0 = Debug|Any CPU
		{2E85CAEC-BD8E-41E1-852B-6AF52C0C4F5C}.Release|Any CPU.ActiveCfg = Release|Any CPU
		{2E85CAEC-BD8E-41E1-852B-6AF52C0C4F5C}.Release|Any CPU.Build.0 = Release|Any CPU
		{A52ED17B-0CF6-4B06-8E8D-18E27253B97A}.Debug|Any CPU.ActiveCfg = Debug|Any CPU
		{A52ED17B-0CF6-4B06-8E8D-18E27253B97A}.Debug|Any CPU.Build.0 = Debug|Any CPU
		{A52ED17B-0CF6-4B06-8E8D-18E27253B97A}.Release|Any CPU.ActiveCfg = Release|Any CPU
		{A52ED17B-0CF6-4B06-8E8D-18E27253B97A}.Release|Any CPU.Build.0 = Release|Any CPU
		{EEF78ACF-C5F0-4024-A0B7-9CC445572923}.Debug|Any CPU.ActiveCfg = Debug|Any CPU
		{EEF78ACF-C5F0-4024-A0B7-9CC445572923}.Debug|Any CPU.Build.0 = Debug|Any CPU
		{EEF78ACF-C5F0-4024-A0B7-9CC445572923}.Release|Any CPU.ActiveCfg = Release|Any CPU
		{EEF78ACF-C5F0-4024-A0B7-9CC445572923}.Release|Any CPU.Build.0 = Release|Any CPU
		{6579A1DA-D50D-4809-B828-5F4930F37EE3}.Debug|Any CPU.ActiveCfg = Debug|Any CPU
		{6579A1DA-D50D-4809-B828-5F4930F37EE3}.Debug|Any CPU.Build.0 = Debug|Any CPU
		{6579A1DA-D50D-4809-B828-5F4930F37EE3}.Release|Any CPU.ActiveCfg = Release|Any CPU
		{6579A1DA-D50D-4809-B828-5F4930F37EE3}.Release|Any CPU.Build.0 = Release|Any CPU
		{7994B6D2-FB14-4926-A5A7-8EB3FBDD9A3F}.Debug|Any CPU.ActiveCfg = Debug|Any CPU
		{7994B6D2-FB14-4926-A5A7-8EB3FBDD9A3F}.Debug|Any CPU.Build.0 = Debug|Any CPU
		{7994B6D2-FB14-4926-A5A7-8EB3FBDD9A3F}.Release|Any CPU.ActiveCfg = Release|Any CPU
		{7994B6D2-FB14-4926-A5A7-8EB3FBDD9A3F}.Release|Any CPU.Build.0 = Release|Any CPU
		{9FF99D5A-8B31-4889-913D-3093BD86D001}.Debug|Any CPU.ActiveCfg = Debug|Any CPU
		{9FF99D5A-8B31-4889-913D-3093BD86D001}.Debug|Any CPU.Build.0 = Debug|Any CPU
		{9FF99D5A-8B31-4889-913D-3093BD86D001}.Release|Any CPU.ActiveCfg = Release|Any CPU
		{9FF99D5A-8B31-4889-913D-3093BD86D001}.Release|Any CPU.Build.0 = Release|Any CPU
	EndGlobalSection
EndGlobal
